
Microsoft Visual Studio Solution File, Format Version 12.00
# Visual Studio Version 16
VisualStudioVersion = 16.0.31515.178
MinimumVisualStudioVersion = 10.0.40219.1
Project("{FAE04EC0-301F-11D3-BF4B-00C04F79EFBC}") = "CoreWebAPI", "CoreWebAPI.csproj", "{F46F4D5C-8000-4BA4-AEDA-4B799DF4F6DF}"
EndProject
Global
	GlobalSection(SolutionConfigurationPlatforms) = preSolution
		Debug|Any CPU = Debug|Any CPU
		Release|Any CPU = Release|Any CPU
	EndGlobalSection
	GlobalSection(ProjectConfigurationPlatforms) = postSolution
		{F46F4D5C-8000-4BA4-AEDA-4B799DF4F6DF}.Debug|Any CPU.ActiveCfg = Debug|Any CPU
		{F46F4D5C-8000-4BA4-AEDA-4B799DF4F6DF}.Debug|Any CPU.Build.0 = Debug|Any CPU
		{F46F4D5C-8000-4BA4-AEDA-4B799DF4F6DF}.Release|Any CPU.ActiveCfg = Release|Any CPU
		{F46F4D5C-8000-4BA4-AEDA-4B799DF4F6DF}.Release|Any CPU.Build.0 = Release|Any CPU
	EndGlobalSection
	GlobalSection(SolutionProperties) = preSolution
		HideSolutionNode = FALSE
	EndGlobalSection
	GlobalSection(ExtensibilityGlobals) = postSolution
		SolutionGuid = {321F3C50-9FB5-4279-A1A0-C2F20D455724}
	EndGlobalSection
EndGlobal
